
Microsoft Visual Studio Solution File, Format Version 12.00
# Visual Studio 15
VisualStudioVersion = 15.0.26228.9
MinimumVisualStudioVersion = 10.0.40219.1
Project("{9A19103F-16F7-4668-BE54-9A1E7A4F7556}") = "SonosNet", "SonosNet\SonosNet.csproj", "{DC259DB9-71FE-473B-9F02-E7A919DFD51B}"
EndProject
Project("{9A19103F-16F7-4668-BE54-9A1E7A4F7556}") = "SonosNet.Test.Unit", "SonosNet.Test.Unit\SonosNet.Test.Unit.csproj", "{5803780B-D07E-4DC0-A51A-14BBCF4EA1E9}"
EndProject
Project("{9A19103F-16F7-4668-BE54-9A1E7A4F7556}") = "SonosNet.Cli", "SonosNet.Cli\SonosNet.Cli.csproj", "{3AF94FD7-2CB1-431A-A1BA-43F88081C088}"
EndProject
Global
	GlobalSection(SolutionConfigurationPlatforms) = preSolution
		Debug|Any CPU = Debug|Any CPU
		Release|Any CPU = Release|Any CPU
	EndGlobalSection
	GlobalSection(ProjectConfigurationPlatforms) = postSolution
		{DC259DB9-71FE-473B-9F02-E7A919DFD51B}.Debug|Any CPU.ActiveCfg = Debug|Any CPU
		{DC259DB9-71FE-473B-9F02-E7A919DFD51B}.Debug|Any CPU.Build.0 = Debug|Any CPU
		{DC259DB9-71FE-473B-9F02-E7A919DFD51B}.Release|Any CPU.ActiveCfg = Release|Any CPU
		{DC259DB9-71FE-473B-9F02-E7A919DFD51B}.Release|Any CPU.Build.0 = Release|Any CPU
		{5803780B-D07E-4DC0-A51A-14BBCF4EA1E9}.Debug|Any CPU.ActiveCfg = Debug|Any CPU
		{5803780B-D07E-4DC0-A51A-14BBCF4EA1E9}.Debug|Any CPU.Build.0 = Debug|Any CPU
		{5803780B-D07E-4DC0-A51A-14BBCF4EA1E9}.Release|Any CPU.ActiveCfg = Release|Any CPU
		{5803780B-D07E-4DC0-A51A-14BBCF4EA1E9}.Release|Any CPU.Build.0 = Release|Any CPU
		{3AF94FD7-2CB1-431A-A1BA-43F88081C088}.Debug|Any CPU.ActiveCfg = Debug|Any CPU
		{3AF94FD7-2CB1-431A-A1BA-43F88081C088}.Debug|Any CPU.Build.0 = Debug|Any CPU
		{3AF94FD7-2CB1-431A-A1BA-43F88081C088}.Release|Any CPU.ActiveCfg = Release|Any CPU
		{3AF94FD7-2CB1-431A-A1BA-43F88081C088}.Release|Any CPU.Build.0 = Release|Any CPU
	EndGlobalSection
	GlobalSection(SolutionProperties) = preSolution
		HideSolutionNode = FALSE
	EndGlobalSection
EndGlobal
